
Microsoft Visual Studio Solution File, Format Version 12.00
# Visual Studio Version 17
VisualStudioVersion = 17.3.32811.315
MinimumVisualStudioVersion = 10.0.40219.1
Project("{FAE04EC0-301F-11D3-BF4B-00C04F79EFBC}") = "Aula8Api", "Aula8Api\Aula8Api.csproj", "{C0DFB9CF-4955-4B1A-8F84-EAA9CFC16B36}"
EndProject
Project("{FAE04EC0-301F-11D3-BF4B-00C04F79EFBC}") = "Aula8Api.Domain", "Aula8Api.Domain\Aula8Api.Domain.csproj", "{7385B325-6D57-4306-B0FF-0B0D83A6679D}"
EndProject
Global
	GlobalSection(SolutionConfigurationPlatforms) = preSolution
		Debug|Any CPU = Debug|Any CPU
		Release|Any CPU = Release|Any CPU
	EndGlobalSection
	GlobalSection(ProjectConfigurationPlatforms) = postSolution
		{C0DFB9CF-4955-4B1A-8F84-EAA9CFC16B36}.Debug|Any CPU.ActiveCfg = Debug|Any CPU
		{C0DFB9CF-4955-4B1A-8F84-EAA9CFC16B36}.Debug|Any CPU.Build.0 = Debug|Any CPU
		{C0DFB9CF-4955-4B1A-8F84-EAA9CFC16B36}.Release|Any CPU.ActiveCfg = Release|Any CPU
		{C0DFB9CF-4955-4B1A-8F84-EAA9CFC16B36}.Release|Any CPU.Build.0 = Release|Any CPU
		{7385B325-6D57-4306-B0FF-0B0D83A6679D}.Debug|Any CPU.ActiveCfg = Debug|Any CPU
		{7385B325-6D57-4306-B0FF-0B0D83A6679D}.Debug|Any CPU.Build.0 = Debug|Any CPU
		{7385B325-6D57-4306-B0FF-0B0D83A6679D}.Release|Any CPU.ActiveCfg = Release|Any CPU
		{7385B325-6D57-4306-B0FF-0B0D83A6679D}.Release|Any CPU.Build.0 = Release|Any CPU
	EndGlobalSection
	GlobalSection(SolutionProperties) = preSolution
		HideSolutionNode = FALSE
	EndGlobalSection
	GlobalSection(ExtensibilityGlobals) = postSolution
		SolutionGuid = {7B667687-9BF7-47F1-9E55-6D835FC63752}
	EndGlobalSection
EndGlobal
